Microsoft Visual Studio Solution File, Format Version 11.00
# Visual Studio 2008

Project("{CE4BD51D-C480-91DD-B7E4-2D5161AE307B}") = "Lafayette", "Assembly-CSharp.csproj", "{D0001459-61CF-9E70-84E7-C8312B003198}"
EndProject
Global
	GlobalSection(SolutionConfigurationPlatforms) = preSolution
		Debug|Any CPU = Debug|Any CPU
		Release|Any CPU = Release|Any CPU
	EndGlobalSection
	GlobalSection(ProjectConfigurationPlatforms) = postSolution
		{D0001459-61CF-9E70-84E7-C8312B003198}.Debug|Any CPU.ActiveCfg = Debug|Any CPU
		{D0001459-61CF-9E70-84E7-C8312B003198}.Debug|Any CPU.Build.0 = Debug|Any CPU
		{D0001459-61CF-9E70-84E7-C8312B003198}.Release|Any CPU.ActiveCfg = Release|Any CPU
		{D0001459-61CF-9E70-84E7-C8312B003198}.Release|Any CPU.Build.0 = Release|Any CPU
	EndGlobalSection
	GlobalSection(SolutionProperties) = preSolution
		HideSolutionNode = FALSE
	EndGlobalSection
	GlobalSection(MonoDevelopProperties) = preSolution
		StartupItem = Assembly-CSharp.csproj
	EndGlobalSection
EndGlobal
